
Microsoft Visual Studio Solution File, Format Version 12.00
# Visual Studio 15
VisualStudioVersion = 15.0.27703.2042
MinimumVisualStudioVersion = 10.0.40219.1
Project("{9A19103F-16F7-4668-BE54-9A1E7A4F7556}") = "TreehouseDefense", "TreehouseDefense\TreehouseDefense.csproj", "{9A29B034-F915-4403-B1C7-044F799E90ED}"
EndProject
Project("{FAE04EC0-301F-11D3-BF4B-00C04F79EFBC}") = "TreehouseDefenseTests", "TreehouseDefenseTests\TreehouseDefenseTests.csproj", "{602DC0B1-3A45-468A-BF37-5E090599A315}"
EndProject
Global
	GlobalSection(SolutionConfigurationPlatforms) = preSolution
		Debug|Any CPU = Debug|Any CPU
		Release|Any CPU = Release|Any CPU
	EndGlobalSection
	GlobalSection(ProjectConfigurationPlatforms) = postSolution
		{9A29B034-F915-4403-B1C7-044F799E90ED}.Debug|Any CPU.ActiveCfg = Debug|Any CPU
		{9A29B034-F915-4403-B1C7-044F799E90ED}.Debug|Any CPU.Build.0 = Debug|Any CPU
		{9A29B034-F915-4403-B1C7-044F799E90ED}.Release|Any CPU.ActiveCfg = Release|Any CPU
		{9A29B034-F915-4403-B1C7-044F799E90ED}.Release|Any CPU.Build.0 = Release|Any CPU
		{602DC0B1-3A45-468A-BF37-5E090599A315}.Debug|Any CPU.ActiveCfg = Debug|Any CPU
		{602DC0B1-3A45-468A-BF37-5E090599A315}.Debug|Any CPU.Build.0 = Debug|Any CPU
		{602DC0B1-3A45-468A-BF37-5E090599A315}.Release|Any CPU.ActiveCfg = Release|Any CPU
		{602DC0B1-3A45-468A-BF37-5E090599A315}.Release|Any CPU.Build.0 = Release|Any CPU
	EndGlobalSection
	GlobalSection(SolutionProperties) = preSolution
		HideSolutionNode = FALSE
	EndGlobalSection
	GlobalSection(ExtensibilityGlobals) = postSolution
		SolutionGuid = {A438916E-891B-436E-ACAC-CCE7AE6AF892}
	EndGlobalSection
EndGlobal
